
Microsoft Visual Studio Solution File, Format Version 12.00
# Visual Studio Version 17
VisualStudioVersion = 17.3.32929.385
MinimumVisualStudioVersion = 10.0.40219.1
Project("{9A19103F-16F7-4668-BE54-9A1E7A4F7556}") = "OData.Demo", "OData.Demo\OData.Demo.csproj", "{9C4C6B90-166D-435C-89E7-8C062C1A6BB4}"
EndProject
Project("{9A19103F-16F7-4668-BE54-9A1E7A4F7556}") = "Dapper.Builder", "C:\Users\sujay\Downloads\Dapper.Builder-master\Dapper.Builder-master\src\Dapper.Builder\Dapper.Builder.csproj", "{AF2D44D1-C9E5-44C0-B04A-5E761B26BCDD}"
EndProject
Project("{9A19103F-16F7-4668-BE54-9A1E7A4F7556}") = "Dapper.Builder.Core", "C:\Users\sujay\Downloads\Dapper.Builder-master\Dapper.Builder-master\src\Dapper.Builder.Core\Dapper.Builder.Core.csproj", "{5E76D871-2835-4605-8527-C40CDD2BE1B4}"
EndProject
Global
	GlobalSection(SolutionConfigurationPlatforms) = preSolution
		Debug|Any CPU = Debug|Any CPU
		Release|Any CPU = Release|Any CPU
	EndGlobalSection
	GlobalSection(ProjectConfigurationPlatforms) = postSolution
		{9C4C6B90-166D-435C-89E7-8C062C1A6BB4}.Debug|Any CPU.ActiveCfg = Debug|Any CPU
		{9C4C6B90-166D-435C-89E7-8C062C1A6BB4}.Debug|Any CPU.Build.0 = Debug|Any CPU
		{9C4C6B90-166D-435C-89E7-8C062C1A6BB4}.Release|Any CPU.ActiveCfg = Release|Any CPU
		{9C4C6B90-166D-435C-89E7-8C062C1A6BB4}.Release|Any CPU.Build.0 = Release|Any CPU
		{AF2D44D1-C9E5-44C0-B04A-5E761B26BCDD}.Debug|Any CPU.ActiveCfg = Debug|Any CPU
		{AF2D44D1-C9E5-44C0-B04A-5E761B26BCDD}.Debug|Any CPU.Build.0 = Debug|Any CPU
		{AF2D44D1-C9E5-44C0-B04A-5E761B26BCDD}.Release|Any CPU.ActiveCfg = Release|Any CPU
		{AF2D44D1-C9E5-44C0-B04A-5E761B26BCDD}.Release|Any CPU.Build.0 = Release|Any CPU
		{5E76D871-2835-4605-8527-C40CDD2BE1B4}.Debug|Any CPU.ActiveCfg = Debug|Any CPU
		{5E76D871-2835-4605-8527-C40CDD2BE1B4}.Debug|Any CPU.Build.0 = Debug|Any CPU
		{5E76D871-2835-4605-8527-C40CDD2BE1B4}.Release|Any CPU.ActiveCfg = Release|Any CPU
		{5E76D871-2835-4605-8527-C40CDD2BE1B4}.Release|Any CPU.Build.0 = Release|Any CPU
	EndGlobalSection
	GlobalSection(SolutionProperties) = preSolution
		HideSolutionNode = FALSE
	EndGlobalSection
	GlobalSection(ExtensibilityGlobals) = postSolution
		SolutionGuid = {3DD4C5FC-FF36-46CC-BFC4-5320975F56BA}
	EndGlobalSection
EndGlobal
